# Generated by move; do not edit
# This file should be checked in.

[move]
version = 4

[pinned.test-publish.MoveStdlib]
source = { git = "https://github.com/MystenLabs/sui.git", subdir = "crates/sui-framework/packages/move-stdlib", rev = "c2428b3aaf9c24270b609001e56d96cb10c76d28" }
use_environment = "test-publish"
manifest_digest = "C4FE4C91DE74CBF223B2E380AE40F592177D21870DC2D7EB6227D2D694E05363"
deps = {}

[pinned.test-publish.Sui]
source = { git = "https://github.com/MystenLabs/sui.git", subdir = "crates/sui-framework/packages/sui-framework", rev = "c2428b3aaf9c24270b609001e56d96cb10c76d28" }
use_environment = "test-publish"
manifest_digest = "7B6E5525FC0BFAECA61725298C425266BB21D456122669E3B2D3A4151A705F69"
deps = { MoveStdlib = "MoveStdlib" }

[pinned.test-publish.openzeppelin_access]
source = { git = "https://github.com/OpenZeppelin/contracts-sui.git", subdir = "contracts/access", rev = "9cd06721b747c9f9919966dad5eb63403f2abdf0" }
use_environment = "test-publish"
manifest_digest = "2963D6B4689ED068546E86F8453FBCA51DCDF68A1C96D681328D2CDACE14B5CF"
deps = { std = "MoveStdlib", sui = "Sui" }

[pinned.test-publish.openzeppelin_payments]
source = { root = true }
use_environment = "test-publish"
manifest_digest = "F793FF93E4D33122F3B9AA11DD9B3A8EC2FFA00C1D6B841FBB8496C74D86FBC4"
deps = { openzeppelin_access = "openzeppelin_access", pas = "pas", std = "MoveStdlib", sui = "Sui" }

[pinned.test-publish.pas]
source = { local = "../../../../vendor/pas/packages/pas" }
use_environment = "test-publish"
manifest_digest = "17258CB0D3D0AACE7EAD0FE83E6ECB40F90008AF52EE3E24148AA0825E5C1F6A"
deps = { ptb = "ptb", std = "MoveStdlib", sui = "Sui" }

[pinned.test-publish.ptb]
source = { local = "../../../../vendor/pas/packages/ptb" }
use_environment = "test-publish"
manifest_digest = "2963D6B4689ED068546E86F8453FBCA51DCDF68A1C96D681328D2CDACE14B5CF"
deps = { std = "MoveStdlib", sui = "Sui" }

[pinned.testnet.MoveStdlib]
source = { git = "https://github.com/MystenLabs/sui.git", subdir = "crates/sui-framework/packages/move-stdlib", rev = "c2428b3aaf9c24270b609001e56d96cb10c76d28" }
use_environment = "testnet"
manifest_digest = "C4FE4C91DE74CBF223B2E380AE40F592177D21870DC2D7EB6227D2D694E05363"
deps = {}

[pinned.testnet.Sui]
source = { git = "https://github.com/MystenLabs/sui.git", subdir = "crates/sui-framework/packages/sui-framework", rev = "c2428b3aaf9c24270b609001e56d96cb10c76d28" }
use_environment = "testnet"
manifest_digest = "7AFB66695545775FBFBB2D3078ADFD084244D5002392E837FDE21D9EA1C6D01C"
deps = { MoveStdlib = "MoveStdlib" }

[pinned.testnet.openzeppelin_access]
source = { git = "https://github.com/OpenZeppelin/contracts-sui.git", subdir = "contracts/access", rev = "9cd06721b747c9f9919966dad5eb63403f2abdf0" }
use_environment = "testnet"
manifest_digest = "5745706258F61D6CE210904B3E6AE87A73CE9D31A6F93BE4718C442529332A87"
deps = { std = "MoveStdlib", sui = "Sui" }

[pinned.testnet.openzeppelin_payments]
source = { root = true }
use_environment = "testnet"
manifest_digest = "7E6C5CDE7CFCB069D3B25DCC05FDBE51E8BA83A927461F3EED0D5BA0C5CFD4F6"
deps = { openzeppelin_access = "openzeppelin_access", pas = "pas", std = "MoveStdlib", sui = "Sui" }

[pinned.testnet.pas]
source = { local = "../../../../vendor/pas/packages/pas" }
use_environment = "testnet"
manifest_digest = "38AA62656ABE7551C444DA427ADBAA7751CB67250663D39FCDE36E938138EA7D"
deps = { ptb = "ptb", std = "MoveStdlib", sui = "Sui" }

[pinned.testnet.ptb]
source = { local = "../../../../vendor/pas/packages/ptb" }
use_environment = "testnet"
manifest_digest = "5745706258F61D6CE210904B3E6AE87A73CE9D31A6F93BE4718C442529332A87"
deps = { std = "MoveStdlib", sui = "Sui" }
