# Generated by move; do not edit
# This file should be checked in.

[move]
version = 4

[pinned.test-publish.MoveStdlib]
source = { git = "https://github.com/MystenLabs/sui.git", subdir = "crates/sui-framework/packages/move-stdlib", rev = "c2428b3aaf9c24270b609001e56d96cb10c76d28" }
use_environment = "test-publish"
manifest_digest = "C4FE4C91DE74CBF223B2E380AE40F592177D21870DC2D7EB6227D2D694E05363"
deps = {}

[pinned.test-publish.Sui]
source = { git = "https://github.com/MystenLabs/sui.git", subdir = "crates/sui-framework/packages/sui-framework", rev = "c2428b3aaf9c24270b609001e56d96cb10c76d28" }
use_environment = "test-publish"
manifest_digest = "7B6E5525FC0BFAECA61725298C425266BB21D456122669E3B2D3A4151A705F69"
deps = { MoveStdlib = "MoveStdlib" }

[pinned.test-publish.openzeppelin_access]
source = { git = "https://github.com/OpenZeppelin/contracts-sui.git", subdir = "contracts/access", rev = "43df7476266cd40c7de000d21f282291db2a567d" }
use_environment = "test-publish"
manifest_digest = "2963D6B4689ED068546E86F8453FBCA51DCDF68A1C96D681328D2CDACE14B5CF"
deps = { std = "MoveStdlib", sui = "Sui" }

[pinned.test-publish.openzeppelin_math]
source = { git = "https://github.com/OpenZeppelin/contracts-sui.git", subdir = "math/core", rev = "af09be74eaac71094b47e9795890651e0259ac88" }
use_environment = "test-publish"
manifest_digest = "2963D6B4689ED068546E86F8453FBCA51DCDF68A1C96D681328D2CDACE14B5CF"
deps = { std = "MoveStdlib", sui = "Sui" }

[pinned.test-publish.openzeppelin_payments]
source = { root = true }
use_environment = "test-publish"
manifest_digest = "ADF013ADDE76F3FA6E0C306C90E854B7E813DC074968DF48200B429ADFBC8B2D"
deps = { openzeppelin_access = "openzeppelin_access", openzeppelin_math = "openzeppelin_math", pas = "pas", std = "MoveStdlib", sui = "Sui" }

[pinned.test-publish.pas]
source = { local = "../../vendor/pas/packages/pas" }
use_environment = "test-publish"
manifest_digest = "17258CB0D3D0AACE7EAD0FE83E6ECB40F90008AF52EE3E24148AA0825E5C1F6A"
deps = { ptb = "ptb", std = "MoveStdlib", sui = "Sui" }

[pinned.test-publish.ptb]
source = { local = "../../vendor/pas/packages/ptb" }
use_environment = "test-publish"
manifest_digest = "2963D6B4689ED068546E86F8453FBCA51DCDF68A1C96D681328D2CDACE14B5CF"
deps = { std = "MoveStdlib", sui = "Sui" }
