# Generated by move; do not edit
# This file should be checked in.

[move]
version = 4

[pinned.test-publish.MoveStdlib]
source = { git = "https://github.com/MystenLabs/sui.git", subdir = "crates/sui-framework/packages/move-stdlib", rev = "c2428b3aaf9c24270b609001e56d96cb10c76d28" }
use_environment = "test-publish"
manifest_digest = "C4FE4C91DE74CBF223B2E380AE40F592177D21870DC2D7EB6227D2D694E05363"
deps = {}

[pinned.test-publish.Sui]
source = { git = "https://github.com/MystenLabs/sui.git", subdir = "crates/sui-framework/packages/sui-framework", rev = "c2428b3aaf9c24270b609001e56d96cb10c76d28" }
use_environment = "test-publish"
manifest_digest = "7B6E5525FC0BFAECA61725298C425266BB21D456122669E3B2D3A4151A705F69"
deps = { MoveStdlib = "MoveStdlib" }

[pinned.test-publish.local_mock_stablecoin]
source = { root = true }
use_environment = "test-publish"
manifest_digest = "8A22D9CA5E58D5B9351FBC854C1C2CDC41F09022A2C9EA84A5AC2A0079066EEE"
deps = { pas = "pas", std = "MoveStdlib", sui = "Sui" }

[pinned.test-publish.pas]
source = { local = "../../../../vendor/pas/packages/pas" }
use_environment = "test-publish"
manifest_digest = "17258CB0D3D0AACE7EAD0FE83E6ECB40F90008AF52EE3E24148AA0825E5C1F6A"
deps = { ptb = "ptb", std = "MoveStdlib", sui = "Sui" }

[pinned.test-publish.ptb]
source = { local = "../../../../vendor/pas/packages/ptb" }
use_environment = "test-publish"
manifest_digest = "2963D6B4689ED068546E86F8453FBCA51DCDF68A1C96D681328D2CDACE14B5CF"
deps = { std = "MoveStdlib", sui = "Sui" }

[pinned.testnet.MoveStdlib]
source = { git = "https://github.com/MystenLabs/sui.git", subdir = "crates/sui-framework/packages/move-stdlib", rev = "c2428b3aaf9c24270b609001e56d96cb10c76d28" }
use_environment = "testnet"
manifest_digest = "C4FE4C91DE74CBF223B2E380AE40F592177D21870DC2D7EB6227D2D694E05363"
deps = {}

[pinned.testnet.Sui]
source = { git = "https://github.com/MystenLabs/sui.git", subdir = "crates/sui-framework/packages/sui-framework", rev = "c2428b3aaf9c24270b609001e56d96cb10c76d28" }
use_environment = "testnet"
manifest_digest = "7AFB66695545775FBFBB2D3078ADFD084244D5002392E837FDE21D9EA1C6D01C"
deps = { MoveStdlib = "MoveStdlib" }

[pinned.testnet.local_mock_stablecoin]
source = { root = true }
use_environment = "testnet"
manifest_digest = "202E387C45FD0454B05DC21964D2DB34BD9BC30FC2511DA52B905052D55E296A"
deps = { pas = "pas", std = "MoveStdlib", sui = "Sui" }

[pinned.testnet.pas]
source = { local = "../../../../vendor/pas/packages/pas" }
use_environment = "testnet"
manifest_digest = "38AA62656ABE7551C444DA427ADBAA7751CB67250663D39FCDE36E938138EA7D"
deps = { ptb = "ptb", std = "MoveStdlib", sui = "Sui" }

[pinned.testnet.ptb]
source = { local = "../../../../vendor/pas/packages/ptb" }
use_environment = "testnet"
manifest_digest = "5745706258F61D6CE210904B3E6AE87A73CE9D31A6F93BE4718C442529332A87"
deps = { std = "MoveStdlib", sui = "Sui" }
